<?xml version="1.0" encoding="utf-8"?>
<Project ToolsVersion="16.0" xmlns="http://schemas.microsoft.com/developer/msbuild/2003">
  <ItemGroup>
    <ClCompile Include="C:\Users\tobia\Desktop\Master_Arbeit\UnterProg\txt_to_pcd.cpp">
      <Filter>Source Files</Filter>
    </ClCompile>
  </ItemGroup>
  <ItemGroup>
    <CustomBuild Include="C:\Users\tobia\Desktop\Master_Arbeit\UnterProg\CMakeLists.txt" />
  </ItemGroup>
  <ItemGroup>
    <Filter Include="Source Files">
      <UniqueIdentifier>{E8E559F8-4CE2-3F42-81C1-025A9AB1B688}</UniqueIdentifier>
    </Filter>
  </ItemGroup>
</Project>
